
Microsoft Visual Studio Solution File, Format Version 12.00
# Visual Studio Version 16
VisualStudioVersion = 16.0.29209.62
MinimumVisualStudioVersion = 10.0.40219.1
Project("{8BC9CEB8-8B4A-11D0-8D11-00A0C91BC942}") = "Pointers", "Pointers\Pointers.vcxproj", "{A550B4C4-EA89-480D-8F72-61380D43D9F2}"
EndProject
Project("{8BC9CEB8-8B4A-11D0-8D11-00A0C91BC942}") = "Pointers and Arrays", "Pointers and Arrays\Pointers and Arrays.vcxproj", "{0DF5CE04-C81B-4AFC-A58A-B8DB718AD234}"
EndProject
Project("{8BC9CEB8-8B4A-11D0-8D11-00A0C91BC942}") = "Pointer Arithmetic", "Pointer Arithmetic\Pointer Arithmetic.vcxproj", "{88052D6B-631B-4720-A7C0-6C2A24686D23}"
EndProject
Project("{8BC9CEB8-8B4A-11D0-8D11-00A0C91BC942}") = "Char Arrays", "Char Arrays\Char Arrays.vcxproj", "{8263C4A7-FE34-4AD6-BBBD-FEFECADEEF4C}"
EndProject
Project("{8BC9CEB8-8B4A-11D0-8D11-00A0C91BC942}") = "Reversing a String", "Reversing a String\Reversing a String.vcxproj", "{823B40A4-16A4-423C-A466-A5CCDD644AA5}"
EndProject
Project("{8BC9CEB8-8B4A-11D0-8D11-00A0C91BC942}") = "References", "References\References.vcxproj", "{66BCA83B-AFA0-4594-81DA-C3F550835D59}"
EndProject
Project("{8BC9CEB8-8B4A-11D0-8D11-00A0C91BC942}") = "Const", "Const\Const.vcxproj", "{47C32742-CCBC-4B41-84F8-CFF2460A874E}"
EndProject
Project("{8BC9CEB8-8B4A-11D0-8D11-00A0C91BC942}") = "New Operator", "New Operator\New Operator.vcxproj", "{0ABBDCED-BFEE-46F6-890E-6A94BEC146A7}"
EndProject
Project("{8BC9CEB8-8B4A-11D0-8D11-00A0C91BC942}") = "Arrays and Functions", "Arrays and Functions\Arrays and Functions.vcxproj", "{39F341E3-71E4-4616-B517-66244A08A9F5}"
EndProject
Project("{8BC9CEB8-8B4A-11D0-8D11-00A0C91BC942}") = "Namespaces", "Namespaces\Namespaces.vcxproj", "{ECFC30A3-E628-41A3-AF85-50278694DCD6}"
EndProject
Project("{8BC9CEB8-8B4A-11D0-8D11-00A0C91BC942}") = "Inheritance", "Inheritance\Inheritance.vcxproj", "{649B0003-AEFC-460D-AA61-9DF8BE4F0ACD}"
EndProject
Project("{8BC9CEB8-8B4A-11D0-8D11-00A0C91BC942}") = "Encapsulation", "Encapsulation\Encapsulation.vcxproj", "{27A6EEBE-7799-4201-99D8-3413AA707081}"
EndProject
Project("{8BC9CEB8-8B4A-11D0-8D11-00A0C91BC942}") = "Constructors and Inheritance", "Constructors and Inheritance\Constructors and Inheritance.vcxproj", "{64D2A42F-C0FC-41EC-AB3A-2F5883892BCA}"
EndProject
Global
	GlobalSection(SolutionConfigurationPlatforms) = preSolution
		Debug|x64 = Debug|x64
		Debug|x86 = Debug|x86
		Release|x64 = Release|x64
		Release|x86 = Release|x86
	EndGlobalSection
	GlobalSection(ProjectConfigurationPlatforms) = postSolution
		{A550B4C4-EA89-480D-8F72-61380D43D9F2}.Debug|x64.ActiveCfg = Debug|x64
		{A550B4C4-EA89-480D-8F72-61380D43D9F2}.Debug|x64.Build.0 = Debug|x64
		{A550B4C4-EA89-480D-8F72-61380D43D9F2}.Debug|x86.ActiveCfg = Debug|Win32
		{A550B4C4-EA89-480D-8F72-61380D43D9F2}.Debug|x86.Build.0 = Debug|Win32
		{A550B4C4-EA89-480D-8F72-61380D43D9F2}.Release|x64.ActiveCfg = Release|x64
		{A550B4C4-EA89-480D-8F72-61380D43D9F2}.Release|x64.Build.0 = Release|x64
		{A550B4C4-EA89-480D-8F72-61380D43D9F2}.Release|x86.ActiveCfg = Release|Win32
		{A550B4C4-EA89-480D-8F72-61380D43D9F2}.Release|x86.Build.0 = Release|Win32
		{0DF5CE04-C81B-4AFC-A58A-B8DB718AD234}.Debug|x64.ActiveCfg = Debug|x64
		{0DF5CE04-C81B-4AFC-A58A-B8DB718AD234}.Debug|x64.Build.0 = Debug|x64
		{0DF5CE04-C81B-4AFC-A58A-B8DB718AD234}.Debug|x86.ActiveCfg = Debug|Win32
		{0DF5CE04-C81B-4AFC-A58A-B8DB718AD234}.Debug|x86.Build.0 = Debug|Win32
		{0DF5CE04-C81B-4AFC-A58A-B8DB718AD234}.Release|x64.ActiveCfg = Release|x64
		{0DF5CE04-C81B-4AFC-A58A-B8DB718AD234}.Release|x64.Build.0 = Release|x64
		{0DF5CE04-C81B-4AFC-A58A-B8DB718AD234}.Release|x86.ActiveCfg = Release|Win32
		{0DF5CE04-C81B-4AFC-A58A-B8DB718AD234}.Release|x86.Build.0 = Release|Win32
		{88052D6B-631B-4720-A7C0-6C2A24686D23}.Debug|x64.ActiveCfg = Debug|x64
		{88052D6B-631B-4720-A7C0-6C2A24686D23}.Debug|x64.Build.0 = Debug|x64
		{88052D6B-631B-4720-A7C0-6C2A24686D23}.Debug|x86.ActiveCfg = Debug|Win32
		{88052D6B-631B-4720-A7C0-6C2A24686D23}.Debug|x86.Build.0 = Debug|Win32
		{88052D6B-631B-4720-A7C0-6C2A24686D23}.Release|x64.ActiveCfg = Release|x64
		{88052D6B-631B-4720-A7C0-6C2A24686D23}.Release|x64.Build.0 = Release|x64
		{88052D6B-631B-4720-A7C0-6C2A24686D23}.Release|x86.ActiveCfg = Release|Win32
		{88052D6B-631B-4720-A7C0-6C2A24686D23}.Release|x86.Build.0 = Release|Win32
		{8263C4A7-FE34-4AD6-BBBD-FEFECADEEF4C}.Debug|x64.ActiveCfg = Debug|x64
		{8263C4A7-FE34-4AD6-BBBD-FEFECADEEF4C}.Debug|x64.Build.0 = Debug|x64
		{8263C4A7-FE34-4AD6-BBBD-FEFECADEEF4C}.Debug|x86.ActiveCfg = Debug|Win32
		{8263C4A7-FE34-4AD6-BBBD-FEFECADEEF4C}.Debug|x86.Build.0 = Debug|Win32
		{8263C4A7-FE34-4AD6-BBBD-FEFECADEEF4C}.Release|x64.ActiveCfg = Release|x64
		{8263C4A7-FE34-4AD6-BBBD-FEFECADEEF4C}.Release|x64.Build.0 = Release|x64
		{8263C4A7-FE34-4AD6-BBBD-FEFECADEEF4C}.Release|x86.ActiveCfg = Release|Win32
		{8263C4A7-FE34-4AD6-BBBD-FEFECADEEF4C}.Release|x86.Build.0 = Release|Win32
		{823B40A4-16A4-423C-A466-A5CCDD644AA5}.Debug|x64.ActiveCfg = Debug|x64
		{823B40A4-16A4-423C-A466-A5CCDD644AA5}.Debug|x64.Build.0 = Debug|x64
		{823B40A4-16A4-423C-A466-A5CCDD644AA5}.Debug|x86.ActiveCfg = Debug|Win32
		{823B40A4-16A4-423C-A466-A5CCDD644AA5}.Debug|x86.Build.0 = Debug|Win32
		{823B40A4-16A4-423C-A466-A5CCDD644AA5}.Release|x64.ActiveCfg = Release|x64
		{823B40A4-16A4-423C-A466-A5CCDD644AA5}.Release|x64.Build.0 = Release|x64
		{823B40A4-16A4-423C-A466-A5CCDD644AA5}.Release|x86.ActiveCfg = Release|Win32
		{823B40A4-16A4-423C-A466-A5CCDD644AA5}.Release|x86.Build.0 = Release|Win32
		{66BCA83B-AFA0-4594-81DA-C3F550835D59}.Debug|x64.ActiveCfg = Debug|x64
		{66BCA83B-AFA0-4594-81DA-C3F550835D59}.Debug|x64.Build.0 = Debug|x64
		{66BCA83B-AFA0-4594-81DA-C3F550835D59}.Debug|x86.ActiveCfg = Debug|Win32
		{66BCA83B-AFA0-4594-81DA-C3F550835D59}.Debug|x86.Build.0 = Debug|Win32
		{66BCA83B-AFA0-4594-81DA-C3F550835D59}.Release|x64.ActiveCfg = Release|x64
		{66BCA83B-AFA0-4594-81DA-C3F550835D59}.Release|x64.Build.0 = Release|x64
		{66BCA83B-AFA0-4594-81DA-C3F550835D59}.Release|x86.ActiveCfg = Release|Win32
		{66BCA83B-AFA0-4594-81DA-C3F550835D59}.Release|x86.Build.0 = Release|Win32
		{47C32742-CCBC-4B41-84F8-CFF2460A874E}.Debug|x64.ActiveCfg = Debug|x64
		{47C32742-CCBC-4B41-84F8-CFF2460A874E}.Debug|x64.Build.0 = Debug|x64
		{47C32742-CCBC-4B41-84F8-CFF2460A874E}.Debug|x86.ActiveCfg = Debug|Win32
		{47C32742-CCBC-4B41-84F8-CFF2460A874E}.Debug|x86.Build.0 = Debug|Win32
		{47C32742-CCBC-4B41-84F8-CFF2460A874E}.Release|x64.ActiveCfg = Release|x64
		{47C32742-CCBC-4B41-84F8-CFF2460A874E}.Release|x64.Build.0 = Release|x64
		{47C32742-CCBC-4B41-84F8-CFF2460A874E}.Release|x86.ActiveCfg = Release|Win32
		{47C32742-CCBC-4B41-84F8-CFF2460A874E}.Release|x86.Build.0 = Release|Win32
		{0ABBDCED-BFEE-46F6-890E-6A94BEC146A7}.Debug|x64.ActiveCfg = Debug|x64
		{0ABBDCED-BFEE-46F6-890E-6A94BEC146A7}.Debug|x64.Build.0 = Debug|x64
		{0ABBDCED-BFEE-46F6-890E-6A94BEC146A7}.Debug|x86.ActiveCfg = Debug|Win32
		{0ABBDCED-BFEE-46F6-890E-6A94BEC146A7}.Debug|x86.Build.0 = Debug|Win32
		{0ABBDCED-BFEE-46F6-890E-6A94BEC146A7}.Release|x64.ActiveCfg = Release|x64
		{0ABBDCED-BFEE-46F6-890E-6A94BEC146A7}.Release|x64.Build.0 = Release|x64
		{0ABBDCED-BFEE-46F6-890E-6A94BEC146A7}.Release|x86.ActiveCfg = Release|Win32
		{0ABBDCED-BFEE-46F6-890E-6A94BEC146A7}.Release|x86.Build.0 = Release|Win32
		{39F341E3-71E4-4616-B517-66244A08A9F5}.Debug|x64.ActiveCfg = Debug|x64
		{39F341E3-71E4-4616-B517-66244A08A9F5}.Debug|x64.Build.0 = Debug|x64
		{39F341E3-71E4-4616-B517-66244A08A9F5}.Debug|x86.ActiveCfg = Debug|Win32
		{39F341E3-71E4-4616-B517-66244A08A9F5}.Debug|x86.Build.0 = Debug|Win32
		{39F341E3-71E4-4616-B517-66244A08A9F5}.Release|x64.ActiveCfg = Release|x64
		{39F341E3-71E4-4616-B517-66244A08A9F5}.Release|x64.Build.0 = Release|x64
		{39F341E3-71E4-4616-B517-66244A08A9F5}.Release|x86.ActiveCfg = Release|Win32
		{39F341E3-71E4-4616-B517-66244A08A9F5}.Release|x86.Build.0 = Release|Win32
		{ECFC30A3-E628-41A3-AF85-50278694DCD6}.Debug|x64.ActiveCfg = Debug|x64
		{ECFC30A3-E628-41A3-AF85-50278694DCD6}.Debug|x64.Build.0 = Debug|x64
		{ECFC30A3-E628-41A3-AF85-50278694DCD6}.Debug|x86.ActiveCfg = Debug|Win32
		{ECFC30A3-E628-41A3-AF85-50278694DCD6}.Debug|x86.Build.0 = Debug|Win32
		{ECFC30A3-E628-41A3-AF85-50278694DCD6}.Release|x64.ActiveCfg = Release|x64
		{ECFC30A3-E628-41A3-AF85-50278694DCD6}.Release|x64.Build.0 = Release|x64
		{ECFC30A3-E628-41A3-AF85-50278694DCD6}.Release|x86.ActiveCfg = Release|Win32
		{ECFC30A3-E628-41A3-AF85-50278694DCD6}.Release|x86.Build.0 = Release|Win32
		{649B0003-AEFC-460D-AA61-9DF8BE4F0ACD}.Debug|x64.ActiveCfg = Debug|x64
		{649B0003-AEFC-460D-AA61-9DF8BE4F0ACD}.Debug|x64.Build.0 = Debug|x64
		{649B0003-AEFC-460D-AA61-9DF8BE4F0ACD}.Debug|x86.ActiveCfg = Debug|Win32
		{649B0003-AEFC-460D-AA61-9DF8BE4F0ACD}.Debug|x86.Build.0 = Debug|Win32
		{649B0003-AEFC-460D-AA61-9DF8BE4F0ACD}.Release|x64.ActiveCfg = Release|x64
		{649B0003-AEFC-460D-AA61-9DF8BE4F0ACD}.Release|x64.Build.0 = Release|x64
		{649B0003-AEFC-460D-AA61-9DF8BE4F0ACD}.Release|x86.ActiveCfg = Release|Win32
		{649B0003-AEFC-460D-AA61-9DF8BE4F0ACD}.Release|x86.Build.0 = Release|Win32
		{27A6EEBE-7799-4201-99D8-3413AA707081}.Debug|x64.ActiveCfg = Debug|x64
		{27A6EEBE-7799-4201-99D8-3413AA707081}.Debug|x64.Build.0 = Debug|x64
		{27A6EEBE-7799-4201-99D8-3413AA707081}.Debug|x86.ActiveCfg = Debug|Win32
		{27A6EEBE-7799-4201-99D8-3413AA707081}.Debug|x86.Build.0 = Debug|Win32
		{27A6EEBE-7799-4201-99D8-3413AA707081}.Release|x64.ActiveCfg = Release|x64
		{27A6EEBE-7799-4201-99D8-3413AA707081}.Release|x64.Build.0 = Release|x64
		{27A6EEBE-7799-4201-99D8-3413AA707081}.Release|x86.ActiveCfg = Release|Win32
		{27A6EEBE-7799-4201-99D8-3413AA707081}.Release|x86.Build.0 = Release|Win32
		{64D2A42F-C0FC-41EC-AB3A-2F5883892BCA}.Debug|x64.ActiveCfg = Debug|x64
		{64D2A42F-C0FC-41EC-AB3A-2F5883892BCA}.Debug|x64.Build.0 = Debug|x64
		{64D2A42F-C0FC-41EC-AB3A-2F5883892BCA}.Debug|x86.ActiveCfg = Debug|Win32
		{64D2A42F-C0FC-41EC-AB3A-2F5883892BCA}.Debug|x86.Build.0 = Debug|Win32
		{64D2A42F-C0FC-41EC-AB3A-2F5883892BCA}.Release|x64.ActiveCfg = Release|x64
		{64D2A42F-C0FC-41EC-AB3A-2F5883892BCA}.Release|x64.Build.0 = Release|x64
		{64D2A42F-C0FC-41EC-AB3A-2F5883892BCA}.Release|x86.ActiveCfg = Release|Win32
		{64D2A42F-C0FC-41EC-AB3A-2F5883892BCA}.Release|x86.Build.0 = Release|Win32
	EndGlobalSection
	GlobalSection(SolutionProperties) = preSolution
		HideSolutionNode = FALSE
	EndGlobalSection
	GlobalSection(ExtensibilityGlobals) = postSolution
		SolutionGuid = {C8F6B49F-DB76-4C60-8E72-F884FE983217}
	EndGlobalSection
EndGlobal
